{
    "_readme": [
        "This file locks the dependencies of your project to a known state",
        "Read more about it at https://getcomposer.org/doc/01-basic-usage.md#composer-lock-the-lock-file",
        "This file is @generated automatically"
    ],
    "hash": "25b3e979112707cdd1908db5d1662f41",
    "content-hash": "b8570df4f3518cc14a5a8c72887dbcf7",
    "packages": [],
    "packages-dev": [],
    "aliases": [],
    "minimum-stability": "stable",
    "stability-flags": [],
    "prefer-stable": false,
    "prefer-lowest": false,
    "platform": {
        "php": "7.0.2|7.0.4|~7.0.6|~7.1.0"
    },
    "platform-dev": []
}
